
Microsoft Visual Studio Solution File, Format Version 12.00
# Visual Studio Version 16
VisualStudioVersion = 16.0.32002.261
MinimumVisualStudioVersion = 10.0.40219.1
Project("{FAE04EC0-301F-11D3-BF4B-00C04F79EFBC}") = "BaseProject", "BaseProject\BaseProject.csproj", "{54930841-4565-4160-9F8B-47446C872031}"
EndProject
Global
	GlobalSection(SolutionConfigurationPlatforms) = preSolution
		Debug|Any CPU = Debug|Any CPU
		Release|Any CPU = Release|Any CPU
	EndGlobalSection
	GlobalSection(ProjectConfigurationPlatforms) = postSolution
		{54930841-4565-4160-9F8B-47446C872031}.Debug|Any CPU.ActiveCfg = Debug|Any CPU
		{54930841-4565-4160-9F8B-47446C872031}.Debug|Any CPU.Build.0 = Debug|Any CPU
		{54930841-4565-4160-9F8B-47446C872031}.Release|Any CPU.ActiveCfg = Release|Any CPU
		{54930841-4565-4160-9F8B-47446C872031}.Release|Any CPU.Build.0 = Release|Any CPU
	EndGlobalSection
	GlobalSection(SolutionProperties) = preSolution
		HideSolutionNode = FALSE
	EndGlobalSection
	GlobalSection(ExtensibilityGlobals) = postSolution
		SolutionGuid = {1BDDB7AE-3CC8-41E7-8C0B-D93C7EF78AD9}
	EndGlobalSection
EndGlobal
